
Microsoft Visual Studio Solution File, Format Version 12.00
# Visual Studio Version 17
VisualStudioVersion = 17.5.002.0
MinimumVisualStudioVersion = 10.0.40219.1
Project("{9A19103F-16F7-4668-BE54-9A1E7A4F7556}") = "AppVecinos.API", "AppVecinos.API\AppVecinos.API.csproj", "{D6CB487C-3CE9-4839-BAD5-89F587D5C794}"
EndProject
Project("{9A19103F-16F7-4668-BE54-9A1E7A4F7556}") = "AppVecinos.Web", "AppVecinos.Web\AppVecinos.Web.csproj", "{938FD9BF-960F-4FCA-81BD-D03346DA4600}"
EndProject
Global
	GlobalSection(SolutionConfigurationPlatforms) = preSolution
		Debug|Any CPU = Debug|Any CPU
		Release|Any CPU = Release|Any CPU
	EndGlobalSection
	GlobalSection(ProjectConfigurationPlatforms) = postSolution
		{D6CB487C-3CE9-4839-BAD5-89F587D5C794}.Debug|Any CPU.ActiveCfg = Debug|Any CPU
		{D6CB487C-3CE9-4839-BAD5-89F587D5C794}.Debug|Any CPU.Build.0 = Debug|Any CPU
		{D6CB487C-3CE9-4839-BAD5-89F587D5C794}.Release|Any CPU.ActiveCfg = Release|Any CPU
		{D6CB487C-3CE9-4839-BAD5-89F587D5C794}.Release|Any CPU.Build.0 = Release|Any CPU
		{938FD9BF-960F-4FCA-81BD-D03346DA4600}.Debug|Any CPU.ActiveCfg = Debug|Any CPU
		{938FD9BF-960F-4FCA-81BD-D03346DA4600}.Debug|Any CPU.Build.0 = Debug|Any CPU
		{938FD9BF-960F-4FCA-81BD-D03346DA4600}.Release|Any CPU.ActiveCfg = Release|Any CPU
		{938FD9BF-960F-4FCA-81BD-D03346DA4600}.Release|Any CPU.Build.0 = Release|Any CPU
	EndGlobalSection
	GlobalSection(SolutionProperties) = preSolution
		HideSolutionNode = FALSE
	EndGlobalSection
	GlobalSection(ExtensibilityGlobals) = postSolution
		SolutionGuid = {01F0F3CE-B7B6-4A55-9953-791A3851422E}
	EndGlobalSection
EndGlobal
